
Microsoft Visual Studio Solution File, Format Version 12.00
# Visual Studio Version 17
VisualStudioVersion = 17.12.35521.163
MinimumVisualStudioVersion = 10.0.40219.1
Project("{FAE04EC0-301F-11D3-BF4B-00C04F79EFBC}") = "OSK.Maui.Screens", "OSK.Maui.Screens\OSK.Maui.Screens.csproj", "{5F552C0A-7CDB-42EE-AB31-75664D43BC2B}"
EndProject
Project("{FAE04EC0-301F-11D3-BF4B-00C04F79EFBC}") = "OSK.Maui.Screens.Blazor", "OSK.Maui.Screens.Blazor\OSK.Maui.Screens.Blazor.csproj", "{9E97671E-8703-40F7-92EE-A9237D50C832}"
EndProject
Project("{FAE04EC0-301F-11D3-BF4B-00C04F79EFBC}") = "OSK.Maui.Screens.Mopups", "OSK.Maui.Screens.Mopups\OSK.Maui.Screens.Mopups.csproj", "{4E5CEA95-D664-4600-A643-36A7BA7ABFF6}"
EndProject
Project("{FAE04EC0-301F-11D3-BF4B-00C04F79EFBC}") = "OSK.Maui.Screens.CommunityToolkit", "OSK.Maui.Screens.CommunityToolkit\OSK.Maui.Screens.CommunityToolkit.csproj", "{44146DAA-D6ED-4F2C-90F7-E5595AE5408E}"
EndProject
Project("{FAE04EC0-301F-11D3-BF4B-00C04F79EFBC}") = "OSK.Maui.Screens.UnitTests", "OSK.Maui.Screens.UnitTests\OSK.Maui.Screens.UnitTests.csproj", "{290C484C-6D44-4CAE-BC7E-F736A4C03D1B}"
EndProject
Global
	GlobalSection(SolutionConfigurationPlatforms) = preSolution
		Debug|Any CPU = Debug|Any CPU
		Release|Any CPU = Release|Any CPU
	EndGlobalSection
	GlobalSection(ProjectConfigurationPlatforms) = postSolution
		{5F552C0A-7CDB-42EE-AB31-75664D43BC2B}.Debug|Any CPU.ActiveCfg = Debug|Any CPU
		{5F552C0A-7CDB-42EE-AB31-75664D43BC2B}.Debug|Any CPU.Build.0 = Debug|Any CPU
		{5F552C0A-7CDB-42EE-AB31-75664D43BC2B}.Release|Any CPU.ActiveCfg = Release|Any CPU
		{5F552C0A-7CDB-42EE-AB31-75664D43BC2B}.Release|Any CPU.Build.0 = Release|Any CPU
		{9E97671E-8703-40F7-92EE-A9237D50C832}.Debug|Any CPU.ActiveCfg = Debug|Any CPU
		{9E97671E-8703-40F7-92EE-A9237D50C832}.Debug|Any CPU.Build.0 = Debug|Any CPU
		{9E97671E-8703-40F7-92EE-A9237D50C832}.Release|Any CPU.ActiveCfg = Release|Any CPU
		{9E97671E-8703-40F7-92EE-A9237D50C832}.Release|Any CPU.Build.0 = Release|Any CPU
		{4E5CEA95-D664-4600-A643-36A7BA7ABFF6}.Debug|Any CPU.ActiveCfg = Debug|Any CPU
		{4E5CEA95-D664-4600-A643-36A7BA7ABFF6}.Debug|Any CPU.Build.0 = Debug|Any CPU
		{4E5CEA95-D664-4600-A643-36A7BA7ABFF6}.Release|Any CPU.ActiveCfg = Release|Any CPU
		{4E5CEA95-D664-4600-A643-36A7BA7ABFF6}.Release|Any CPU.Build.0 = Release|Any CPU
		{44146DAA-D6ED-4F2C-90F7-E5595AE5408E}.Debug|Any CPU.ActiveCfg = Debug|Any CPU
		{44146DAA-D6ED-4F2C-90F7-E5595AE5408E}.Debug|Any CPU.Build.0 = Debug|Any CPU
		{44146DAA-D6ED-4F2C-90F7-E5595AE5408E}.Release|Any CPU.ActiveCfg = Release|Any CPU
		{44146DAA-D6ED-4F2C-90F7-E5595AE5408E}.Release|Any CPU.Build.0 = Release|Any CPU
		{290C484C-6D44-4CAE-BC7E-F736A4C03D1B}.Debug|Any CPU.ActiveCfg = Debug|Any CPU
		{290C484C-6D44-4CAE-BC7E-F736A4C03D1B}.Debug|Any CPU.Build.0 = Debug|Any CPU
		{290C484C-6D44-4CAE-BC7E-F736A4C03D1B}.Release|Any CPU.ActiveCfg = Release|Any CPU
		{290C484C-6D44-4CAE-BC7E-F736A4C03D1B}.Release|Any CPU.Build.0 = Release|Any CPU
	EndGlobalSection
	GlobalSection(SolutionProperties) = preSolution
		HideSolutionNode = FALSE
	EndGlobalSection
EndGlobal
